# THIS IS AN AUTOGENERATED FILE. DO NOT EDIT THIS FILE DIRECTLY.
# yarn lockfile v1


"@types/node@>=14":
  version "14.17.12"
  resolved "https://registry.yarnpkg.com/@types/node/-/node-14.17.12.tgz#7a31f720b85a617e54e42d24c4ace136601656c7"
  integrity sha512-vhUqgjJR1qxwTWV5Ps5txuy2XMdf7Fw+OrdChRboy8BmWUPkckOhphaohzFG6b8DW7CrxaBMdrdJ47SYFq1okw==

doge-json@^1.1.1:
  version "1.1.1"
  resolved "https://registry.yarnpkg.com/doge-json/-/doge-json-1.1.1.tgz#0a10d7c378a4ffe24ff8adf036417a8e50e7d399"
  integrity sha512-rVqwd+zjDz0MaLjuVxU43jg7yQmUFOPpjnX70gyoed9kuZ3RbaPpkVW3d/ECTnE0Q4A4cSyjNfCCvRBotoNCdg==
